
Microsoft Visual Studio Solution File, Format Version 12.00
# Visual Studio 15
VisualStudioVersion = 15.0.28307.902
MinimumVisualStudioVersion = 10.0.40219.1
Project("{FAE04EC0-301F-11D3-BF4B-00C04F79EFBC}") = "TransportsEnCommun_001", "TransportsEnCommun_001\TransportsEnCommun_001.csproj", "{D72FF078-2DFB-41C6-947E-0334BA7F2E34}"
EndProject
Global
	GlobalSection(SolutionConfigurationPlatforms) = preSolution
		Debug|Any CPU = Debug|Any CPU
		Release|Any CPU = Release|Any CPU
	EndGlobalSection
	GlobalSection(ProjectConfigurationPlatforms) = postSolution
		{D72FF078-2DFB-41C6-947E-0334BA7F2E34}.Debug|Any CPU.ActiveCfg = Debug|Any CPU
		{D72FF078-2DFB-41C6-947E-0334BA7F2E34}.Debug|Any CPU.Build.0 = Debug|Any CPU
		{D72FF078-2DFB-41C6-947E-0334BA7F2E34}.Release|Any CPU.ActiveCfg = Release|Any CPU
		{D72FF078-2DFB-41C6-947E-0334BA7F2E34}.Release|Any CPU.Build.0 = Release|Any CPU
	EndGlobalSection
	GlobalSection(SolutionProperties) = preSolution
		HideSolutionNode = FALSE
	EndGlobalSection
	GlobalSection(ExtensibilityGlobals) = postSolution
		SolutionGuid = {A12AD253-CCD1-4E07-AE42-2A3BA59F8492}
	EndGlobalSection
EndGlobal
